
Microsoft Visual Studio Solution File, Format Version 12.00
# Visual Studio Version 17
VisualStudioVersion = 17.9.34607.119
MinimumVisualStudioVersion = 10.0.40219.1
Project("{2150E333-8FDC-42A3-9474-1A3956D46DE8}") = "ApiConsume", "ApiConsume", "{0E862F03-6842-4F51-9007-3ECA898AC734}"
EndProject
Project("{2150E333-8FDC-42A3-9474-1A3956D46DE8}") = "Frontend", "Frontend", "{B7963221-E1ED-4F24-B99E-DC6FCAE88192}"
EndProject
Project("{2150E333-8FDC-42A3-9474-1A3956D46DE8}") = "ToDoList", "ToDoList", "{F526DC79-D48F-4CA1-B4AD-9ABC8A4F88EF}"
EndProject
Project("{9A19103F-16F7-4668-BE54-9A1E7A4F7556}") = "TrackingProject.WebApi", "ApiConsume\TrackingProject.WebApi\TrackingProject.WebApi.csproj", "{973ACB3A-C289-448A-8CF7-3C67353ED11E}"
EndProject
Project("{9A19103F-16F7-4668-BE54-9A1E7A4F7556}") = "TrackingProject.EntityLayer", "ApiConsume\TrackingProject.EntityLayer\TrackingProject.EntityLayer.csproj", "{969E4B05-2EEE-43EC-A4D0-49C21713F36E}"
EndProject
Project("{9A19103F-16F7-4668-BE54-9A1E7A4F7556}") = "TrackingProject.DataAccessLayer", "ApiConsume\TrackingProject.DataAccessLayer\TrackingProject.DataAccessLayer.csproj", "{FC1A05CA-A05C-497F-9C6D-FA6B3B1EE317}"
EndProject
Project("{9A19103F-16F7-4668-BE54-9A1E7A4F7556}") = "TrackingProject.BusinessLayer", "ApiConsume\TrackingProject.BusinessLayer\TrackingProject.BusinessLayer.csproj", "{79233436-59AA-4FBC-93D8-0D8FF81CACD8}"
EndProject
Project("{9A19103F-16F7-4668-BE54-9A1E7A4F7556}") = "TrackingProject.DtoLayer", "ApiConsume\TrackingProject.DtoLayer\TrackingProject.DtoLayer.csproj", "{0173F92A-BF61-43AD-A6BC-34D9C435A12F}"
EndProject
Project("{9A19103F-16F7-4668-BE54-9A1E7A4F7556}") = "TrackingProject.WebUI", "Frontend\TrackingProject.WebUI\TrackingProject.WebUI.csproj", "{F33D330A-4D47-4CE6-A7C8-86ADE95CBD9D}"
EndProject
Global
	GlobalSection(SolutionConfigurationPlatforms) = preSolution
		Debug|Any CPU = Debug|Any CPU
		Release|Any CPU = Release|Any CPU
	EndGlobalSection
	GlobalSection(ProjectConfigurationPlatforms) = postSolution
		{973ACB3A-C289-448A-8CF7-3C67353ED11E}.Debug|Any CPU.ActiveCfg = Debug|Any CPU
		{973ACB3A-C289-448A-8CF7-3C67353ED11E}.Debug|Any CPU.Build.0 = Debug|Any CPU
		{973ACB3A-C289-448A-8CF7-3C67353ED11E}.Release|Any CPU.ActiveCfg = Release|Any CPU
		{973ACB3A-C289-448A-8CF7-3C67353ED11E}.Release|Any CPU.Build.0 = Release|Any CPU
		{969E4B05-2EEE-43EC-A4D0-49C21713F36E}.Debug|Any CPU.ActiveCfg = Debug|Any CPU
		{969E4B05-2EEE-43EC-A4D0-49C21713F36E}.Debug|Any CPU.Build.0 = Debug|Any CPU
		{969E4B05-2EEE-43EC-A4D0-49C21713F36E}.Release|Any CPU.ActiveCfg = Release|Any CPU
		{969E4B05-2EEE-43EC-A4D0-49C21713F36E}.Release|Any CPU.Build.0 = Release|Any CPU
		{FC1A05CA-A05C-497F-9C6D-FA6B3B1EE317}.Debug|Any CPU.ActiveCfg = Debug|Any CPU
		{FC1A05CA-A05C-497F-9C6D-FA6B3B1EE317}.Debug|Any CPU.Build.0 = Debug|Any CPU
		{FC1A05CA-A05C-497F-9C6D-FA6B3B1EE317}.Release|Any CPU.ActiveCfg = Release|Any CPU
		{FC1A05CA-A05C-497F-9C6D-FA6B3B1EE317}.Release|Any CPU.Build.0 = Release|Any CPU
		{79233436-59AA-4FBC-93D8-0D8FF81CACD8}.Debug|Any CPU.ActiveCfg = Debug|Any CPU
		{79233436-59AA-4FBC-93D8-0D8FF81CACD8}.Debug|Any CPU.Build.0 = Debug|Any CPU
		{79233436-59AA-4FBC-93D8-0D8FF81CACD8}.Release|Any CPU.ActiveCfg = Release|Any CPU
		{79233436-59AA-4FBC-93D8-0D8FF81CACD8}.Release|Any CPU.Build.0 = Release|Any CPU
		{0173F92A-BF61-43AD-A6BC-34D9C435A12F}.Debug|Any CPU.ActiveCfg = Debug|Any CPU
		{0173F92A-BF61-43AD-A6BC-34D9C435A12F}.Debug|Any CPU.Build.0 = Debug|Any CPU
		{0173F92A-BF61-43AD-A6BC-34D9C435A12F}.Release|Any CPU.ActiveCfg = Release|Any CPU
		{0173F92A-BF61-43AD-A6BC-34D9C435A12F}.Release|Any CPU.Build.0 = Release|Any CPU
		{F33D330A-4D47-4CE6-A7C8-86ADE95CBD9D}.Debug|Any CPU.ActiveCfg = Debug|Any CPU
		{F33D330A-4D47-4CE6-A7C8-86ADE95CBD9D}.Debug|Any CPU.Build.0 = Debug|Any CPU
		{F33D330A-4D47-4CE6-A7C8-86ADE95CBD9D}.Release|Any CPU.ActiveCfg = Release|Any CPU
		{F33D330A-4D47-4CE6-A7C8-86ADE95CBD9D}.Release|Any CPU.Build.0 = Release|Any CPU
	EndGlobalSection
	GlobalSection(SolutionProperties) = preSolution
		HideSolutionNode = FALSE
	EndGlobalSection
	GlobalSection(NestedProjects) = preSolution
		{973ACB3A-C289-448A-8CF7-3C67353ED11E} = {0E862F03-6842-4F51-9007-3ECA898AC734}
		{969E4B05-2EEE-43EC-A4D0-49C21713F36E} = {0E862F03-6842-4F51-9007-3ECA898AC734}
		{FC1A05CA-A05C-497F-9C6D-FA6B3B1EE317} = {0E862F03-6842-4F51-9007-3ECA898AC734}
		{79233436-59AA-4FBC-93D8-0D8FF81CACD8} = {0E862F03-6842-4F51-9007-3ECA898AC734}
		{0173F92A-BF61-43AD-A6BC-34D9C435A12F} = {0E862F03-6842-4F51-9007-3ECA898AC734}
	EndGlobalSection
	GlobalSection(ExtensibilityGlobals) = postSolution
		SolutionGuid = {DA7E9C2C-C770-44CA-8656-ACA42D0CE5EE}
	EndGlobalSection
EndGlobal
